
Microsoft Visual Studio Solution File, Format Version 12.00
# Visual Studio 14
VisualStudioVersion = 14.0.23107.0
MinimumVisualStudioVersion = 10.0.40219.1
Project("{FAE04EC0-301F-11D3-BF4B-00C04F79EFBC}") = "ParserCSV", "ParserCSVTest\ParserCSV.csproj", "{5ACD31A5-7CC1-4B5F-807A-667DCE95B5E2}"
EndProject
Project("{FAE04EC0-301F-11D3-BF4B-00C04F79EFBC}") = "ParserCSVTest", "ParserCSVTestTests1\ParserCSVTest.csproj", "{55DCB501-458E-40BB-AC50-FA0C2FD26D8E}"
EndProject
Global
	GlobalSection(SolutionConfigurationPlatforms) = preSolution
		Debug|Any CPU = Debug|Any CPU
		Release|Any CPU = Release|Any CPU
	EndGlobalSection
	GlobalSection(ProjectConfigurationPlatforms) = postSolution
		{5ACD31A5-7CC1-4B5F-807A-667DCE95B5E2}.Debug|Any CPU.ActiveCfg = Debug|Any CPU
		{5ACD31A5-7CC1-4B5F-807A-667DCE95B5E2}.Debug|Any CPU.Build.0 = Debug|Any CPU
		{5ACD31A5-7CC1-4B5F-807A-667DCE95B5E2}.Release|Any CPU.ActiveCfg = Release|Any CPU
		{5ACD31A5-7CC1-4B5F-807A-667DCE95B5E2}.Release|Any CPU.Build.0 = Release|Any CPU
		{55DCB501-458E-40BB-AC50-FA0C2FD26D8E}.Debug|Any CPU.ActiveCfg = Debug|Any CPU
		{55DCB501-458E-40BB-AC50-FA0C2FD26D8E}.Debug|Any CPU.Build.0 = Debug|Any CPU
		{55DCB501-458E-40BB-AC50-FA0C2FD26D8E}.Release|Any CPU.ActiveCfg = Release|Any CPU
		{55DCB501-458E-40BB-AC50-FA0C2FD26D8E}.Release|Any CPU.Build.0 = Release|Any CPU
	EndGlobalSection
	GlobalSection(SolutionProperties) = preSolution
		HideSolutionNode = FALSE
	EndGlobalSection
EndGlobal
